
Microsoft Visual Studio Solution File, Format Version 12.00
# Visual Studio Version 16
VisualStudioVersion = 16.0.32802.440
MinimumVisualStudioVersion = 10.0.40219.1
Project("{FAE04EC0-301F-11D3-BF4B-00C04F79EFBC}") = "Web_Music", "Web_Music\Web_Music.csproj", "{A89AFB63-CB96-45FB-B014-19C8A64F6ABB}"
EndProject
Global
	GlobalSection(SolutionConfigurationPlatforms) = preSolution
		Debug|Any CPU = Debug|Any CPU
		Release|Any CPU = Release|Any CPU
	EndGlobalSection
	GlobalSection(ProjectConfigurationPlatforms) = postSolution
		{A89AFB63-CB96-45FB-B014-19C8A64F6ABB}.Debug|Any CPU.ActiveCfg = Debug|Any CPU
		{A89AFB63-CB96-45FB-B014-19C8A64F6ABB}.Debug|Any CPU.Build.0 = Debug|Any CPU
		{A89AFB63-CB96-45FB-B014-19C8A64F6ABB}.Release|Any CPU.ActiveCfg = Release|Any CPU
		{A89AFB63-CB96-45FB-B014-19C8A64F6ABB}.Release|Any CPU.Build.0 = Release|Any CPU
	EndGlobalSection
	GlobalSection(SolutionProperties) = preSolution
		HideSolutionNode = FALSE
	EndGlobalSection
	GlobalSection(ExtensibilityGlobals) = postSolution
		SolutionGuid = {9EBF7FB7-E37C-45CA-A6E7-EBC5DD8450A4}
	EndGlobalSection
EndGlobal
